
Microsoft Visual Studio Solution File, Format Version 12.00
# Visual Studio Version 17
VisualStudioVersion = 17.3.32929.385
MinimumVisualStudioVersion = 10.0.40219.1
Project("{9A19103F-16F7-4668-BE54-9A1E7A4F7556}") = "OfficeWeb", "OfficeWeb\OfficeWeb.csproj", "{6955A063-B787-4134-8DA1-D9627C182BEE}"
EndProject
Project("{FAE04EC0-301F-11D3-BF4B-00C04F79EFBC}") = "Office.DataAccess", "Office.DataAccess\Office.DataAccess.csproj", "{4A1DD3A9-2295-4A07-A20E-6213673B00EA}"
EndProject
Project("{FAE04EC0-301F-11D3-BF4B-00C04F79EFBC}") = "Office.Models", "Office.Models\Office.Models.csproj", "{BBFF58EE-7EAD-4581-8C8C-71E496149D39}"
EndProject
Project("{FAE04EC0-301F-11D3-BF4B-00C04F79EFBC}") = "Office.Utility", "Office.Utility\Office.Utility.csproj", "{0133437E-8540-4255-820C-35B8085F3364}"
EndProject
Global
	GlobalSection(SolutionConfigurationPlatforms) = preSolution
		Debug|Any CPU = Debug|Any CPU
		Release|Any CPU = Release|Any CPU
	EndGlobalSection
	GlobalSection(ProjectConfigurationPlatforms) = postSolution
		{6955A063-B787-4134-8DA1-D9627C182BEE}.Debug|Any CPU.ActiveCfg = Debug|Any CPU
		{6955A063-B787-4134-8DA1-D9627C182BEE}.Debug|Any CPU.Build.0 = Debug|Any CPU
		{6955A063-B787-4134-8DA1-D9627C182BEE}.Release|Any CPU.ActiveCfg = Release|Any CPU
		{6955A063-B787-4134-8DA1-D9627C182BEE}.Release|Any CPU.Build.0 = Release|Any CPU
		{4A1DD3A9-2295-4A07-A20E-6213673B00EA}.Debug|Any CPU.ActiveCfg = Debug|Any CPU
		{4A1DD3A9-2295-4A07-A20E-6213673B00EA}.Debug|Any CPU.Build.0 = Debug|Any CPU
		{4A1DD3A9-2295-4A07-A20E-6213673B00EA}.Release|Any CPU.ActiveCfg = Release|Any CPU
		{4A1DD3A9-2295-4A07-A20E-6213673B00EA}.Release|Any CPU.Build.0 = Release|Any CPU
		{BBFF58EE-7EAD-4581-8C8C-71E496149D39}.Debug|Any CPU.ActiveCfg = Debug|Any CPU
		{BBFF58EE-7EAD-4581-8C8C-71E496149D39}.Debug|Any CPU.Build.0 = Debug|Any CPU
		{BBFF58EE-7EAD-4581-8C8C-71E496149D39}.Release|Any CPU.ActiveCfg = Release|Any CPU
		{BBFF58EE-7EAD-4581-8C8C-71E496149D39}.Release|Any CPU.Build.0 = Release|Any CPU
		{0133437E-8540-4255-820C-35B8085F3364}.Debug|Any CPU.ActiveCfg = Debug|Any CPU
		{0133437E-8540-4255-820C-35B8085F3364}.Debug|Any CPU.Build.0 = Debug|Any CPU
		{0133437E-8540-4255-820C-35B8085F3364}.Release|Any CPU.ActiveCfg = Release|Any CPU
		{0133437E-8540-4255-820C-35B8085F3364}.Release|Any CPU.Build.0 = Release|Any CPU
	EndGlobalSection
	GlobalSection(SolutionProperties) = preSolution
		HideSolutionNode = FALSE
	EndGlobalSection
	GlobalSection(ExtensibilityGlobals) = postSolution
		SolutionGuid = {1A86B579-4680-4226-AE7B-C014A8D11628}
	EndGlobalSection
EndGlobal
